
Microsoft Visual Studio Solution File, Format Version 12.00
# Visual Studio Version 16
VisualStudioVersion = 16.0.29728.190
MinimumVisualStudioVersion = 10.0.40219.1
Project("{FAE04EC0-301F-11D3-BF4B-00C04F79EFBC}") = "Soccer.common", "Soccer.common\Soccer.common.csproj", "{7F85C8D6-6905-4026-8F88-B27614EBDD66}"
EndProject
Project("{FAE04EC0-301F-11D3-BF4B-00C04F79EFBC}") = "Soccer.Web", "Soccer.Web\Soccer.Web.csproj", "{BAE7BE06-9B49-4369-B1CC-74A3A3742454}"
EndProject
Project("{FAE04EC0-301F-11D3-BF4B-00C04F79EFBC}") = "Soccer.Prism", "Soccer.Prism\Soccer.Prism\Soccer.Prism.csproj", "{4C54C824-4846-4AFE-90BD-17A95AE52ECD}"
EndProject
Project("{FAE04EC0-301F-11D3-BF4B-00C04F79EFBC}") = "Soccer.Prism.Android", "Soccer.Prism\Soccer.Prism.Android\Soccer.Prism.Android.csproj", "{366EC906-985D-49FD-A22D-0EE1AAF1A03E}"
EndProject
Project("{FAE04EC0-301F-11D3-BF4B-00C04F79EFBC}") = "Soccer.Prism.iOS", "Soccer.Prism\Soccer.Prism.iOS\Soccer.Prism.iOS.csproj", "{A28A66D5-70E2-416F-B71A-CEBD4E4E211D}"
EndProject
Project("{FAE04EC0-301F-11D3-BF4B-00C04F79EFBC}") = "Soccer.Cross.Android", "Soccer.Cross.Android\Soccer.Cross.Android.csproj", "{9C0DB831-44DF-4B21-A32B-F14308F48750}"
EndProject
Project("{FAE04EC0-301F-11D3-BF4B-00C04F79EFBC}") = "Soccer.Cross.iOS", "Soccer.Cross.iOS\Soccer.Cross.iOS.csproj", "{5A01F12F-6C32-48A3-B1CE-FED787E39DDE}"
EndProject
Global
	GlobalSection(SolutionConfigurationPlatforms) = preSolution
		Ad-Hoc|Any CPU = Ad-Hoc|Any CPU
		Ad-Hoc|iPhone = Ad-Hoc|iPhone
		Ad-Hoc|iPhoneSimulator = Ad-Hoc|iPhoneSimulator
		AppStore|Any CPU = AppStore|Any CPU
		AppStore|iPhone = AppStore|iPhone
		AppStore|iPhoneSimulator = AppStore|iPhoneSimulator
		Debug|Any CPU = Debug|Any CPU
		Debug|iPhone = Debug|iPhone
		Debug|iPhoneSimulator = Debug|iPhoneSimulator
		Release|Any CPU = Release|Any CPU
		Release|iPhone = Release|iPhone
		Release|iPhoneSimulator = Release|iPhoneSimulator
	EndGlobalSection
	GlobalSection(ProjectConfigurationPlatforms) = postSolution
		{7F85C8D6-6905-4026-8F88-B27614EBDD66}.Ad-Hoc|Any CPU.ActiveCfg = Debug|Any CPU
		{7F85C8D6-6905-4026-8F88-B27614EBDD66}.Ad-Hoc|Any CPU.Build.0 = Debug|Any CPU
		{7F85C8D6-6905-4026-8F88-B27614EBDD66}.Ad-Hoc|iPhone.ActiveCfg = Debug|Any CPU
		{7F85C8D6-6905-4026-8F88-B27614EBDD66}.Ad-Hoc|iPhone.Build.0 = Debug|Any CPU
		{7F85C8D6-6905-4026-8F88-B27614EBDD66}.Ad-Hoc|iPhoneSimulator.ActiveCfg = Debug|Any CPU
		{7F85C8D6-6905-4026-8F88-B27614EBDD66}.Ad-Hoc|iPhoneSimulator.Build.0 = Debug|Any CPU
		{7F85C8D6-6905-4026-8F88-B27614EBDD66}.AppStore|Any CPU.ActiveCfg = Debug|Any CPU
		{7F85C8D6-6905-4026-8F88-B27614EBDD66}.AppStore|Any CPU.Build.0 = Debug|Any CPU
		{7F85C8D6-6905-4026-8F88-B27614EBDD66}.AppStore|iPhone.ActiveCfg = Debug|Any CPU
		{7F85C8D6-6905-4026-8F88-B27614EBDD66}.AppStore|iPhone.Build.0 = Debug|Any CPU
		{7F85C8D6-6905-4026-8F88-B27614EBDD66}.AppStore|iPhoneSimulator.ActiveCfg = Debug|Any CPU
		{7F85C8D6-6905-4026-8F88-B27614EBDD66}.AppStore|iPhoneSimulator.Build.0 = Debug|Any CPU
		{7F85C8D6-6905-4026-8F88-B27614EBDD66}.Debug|Any CPU.ActiveCfg = Debug|Any CPU
		{7F85C8D6-6905-4026-8F88-B27614EBDD66}.Debug|Any CPU.Build.0 = Debug|Any CPU
		{7F85C8D6-6905-4026-8F88-B27614EBDD66}.Debug|iPhone.ActiveCfg = Debug|Any CPU
		{7F85C8D6-6905-4026-8F88-B27614EBDD66}.Debug|iPhone.Build.0 = Debug|Any CPU
		{7F85C8D6-6905-4026-8F88-B27614EBDD66}.Debug|iPhoneSimulator.ActiveCfg = Debug|Any CPU
		{7F85C8D6-6905-4026-8F88-B27614EBDD66}.Debug|iPhoneSimulator.Build.0 = Debug|Any CPU
		{7F85C8D6-6905-4026-8F88-B27614EBDD66}.Release|Any CPU.ActiveCfg = Release|Any CPU
		{7F85C8D6-6905-4026-8F88-B27614EBDD66}.Release|Any CPU.Build.0 = Release|Any CPU
		{7F85C8D6-6905-4026-8F88-B27614EBDD66}.Release|iPhone.ActiveCfg = Release|Any CPU
		{7F85C8D6-6905-4026-8F88-B27614EBDD66}.Release|iPhone.Build.0 = Release|Any CPU
		{7F85C8D6-6905-4026-8F88-B27614EBDD66}.Release|iPhoneSimulator.ActiveCfg = Release|Any CPU
		{7F85C8D6-6905-4026-8F88-B27614EBDD66}.Release|iPhoneSimulator.Build.0 = Release|Any CPU
		{BAE7BE06-9B49-4369-B1CC-74A3A3742454}.Ad-Hoc|Any CPU.ActiveCfg = Debug|Any CPU
		{BAE7BE06-9B49-4369-B1CC-74A3A3742454}.Ad-Hoc|Any CPU.Build.0 = Debug|Any CPU
		{BAE7BE06-9B49-4369-B1CC-74A3A3742454}.Ad-Hoc|iPhone.ActiveCfg = Debug|Any CPU
		{BAE7BE06-9B49-4369-B1CC-74A3A3742454}.Ad-Hoc|iPhone.Build.0 = Debug|Any CPU
		{BAE7BE06-9B49-4369-B1CC-74A3A3742454}.Ad-Hoc|iPhoneSimulator.ActiveCfg = Debug|Any CPU
		{BAE7BE06-9B49-4369-B1CC-74A3A3742454}.Ad-Hoc|iPhoneSimulator.Build.0 = Debug|Any CPU
		{BAE7BE06-9B49-4369-B1CC-74A3A3742454}.AppStore|Any CPU.ActiveCfg = Debug|Any CPU
		{BAE7BE06-9B49-4369-B1CC-74A3A3742454}.AppStore|Any CPU.Build.0 = Debug|Any CPU
		{BAE7BE06-9B49-4369-B1CC-74A3A3742454}.AppStore|iPhone.ActiveCfg = Debug|Any CPU
		{BAE7BE06-9B49-4369-B1CC-74A3A3742454}.AppStore|iPhone.Build.0 = Debug|Any CPU
		{BAE7BE06-9B49-4369-B1CC-74A3A3742454}.AppStore|iPhoneSimulator.ActiveCfg = Debug|Any CPU
		{BAE7BE06-9B49-4369-B1CC-74A3A3742454}.AppStore|iPhoneSimulator.Build.0 = Debug|Any CPU
		{BAE7BE06-9B49-4369-B1CC-74A3A3742454}.Debug|Any CPU.ActiveCfg = Debug|Any CPU
		{BAE7BE06-9B49-4369-B1CC-74A3A3742454}.Debug|Any CPU.Build.0 = Debug|Any CPU
		{BAE7BE06-9B49-4369-B1CC-74A3A3742454}.Debug|iPhone.ActiveCfg = Debug|Any CPU
		{BAE7BE06-9B49-4369-B1CC-74A3A3742454}.Debug|iPhone.Build.0 = Debug|Any CPU
		{BAE7BE06-9B49-4369-B1CC-74A3A3742454}.Debug|iPhoneSimulator.ActiveCfg = Debug|Any CPU
		{BAE7BE06-9B49-4369-B1CC-74A3A3742454}.Debug|iPhoneSimulator.Build.0 = Debug|Any CPU
		{BAE7BE06-9B49-4369-B1CC-74A3A3742454}.Release|Any CPU.ActiveCfg = Release|Any CPU
		{BAE7BE06-9B49-4369-B1CC-74A3A3742454}.Release|Any CPU.Build.0 = Release|Any CPU
		{BAE7BE06-9B49-4369-B1CC-74A3A3742454}.Release|iPhone.ActiveCfg = Release|Any CPU
		{BAE7BE06-9B49-4369-B1CC-74A3A3742454}.Release|iPhone.Build.0 = Release|Any CPU
		{BAE7BE06-9B49-4369-B1CC-74A3A3742454}.Release|iPhoneSimulator.ActiveCfg = Release|Any CPU
		{BAE7BE06-9B49-4369-B1CC-74A3A3742454}.Release|iPhoneSimulator.Build.0 = Release|Any CPU
		{4C54C824-4846-4AFE-90BD-17A95AE52ECD}.Ad-Hoc|Any CPU.ActiveCfg = Debug|Any CPU
		{4C54C824-4846-4AFE-90BD-17A95AE52ECD}.Ad-Hoc|Any CPU.Build.0 = Debug|Any CPU
		{4C54C824-4846-4AFE-90BD-17A95AE52ECD}.Ad-Hoc|iPhone.ActiveCfg = Debug|Any CPU
		{4C54C824-4846-4AFE-90BD-17A95AE52ECD}.Ad-Hoc|iPhone.Build.0 = Debug|Any CPU
		{4C54C824-4846-4AFE-90BD-17A95AE52ECD}.Ad-Hoc|iPhoneSimulator.ActiveCfg = Debug|Any CPU
		{4C54C824-4846-4AFE-90BD-17A95AE52ECD}.Ad-Hoc|iPhoneSimulator.Build.0 = Debug|Any CPU
		{4C54C824-4846-4AFE-90BD-17A95AE52ECD}.AppStore|Any CPU.ActiveCfg = Debug|Any CPU
		{4C54C824-4846-4AFE-90BD-17A95AE52ECD}.AppStore|Any CPU.Build.0 = Debug|Any CPU
		{4C54C824-4846-4AFE-90BD-17A95AE52ECD}.AppStore|iPhone.ActiveCfg = Debug|Any CPU
		{4C54C824-4846-4AFE-90BD-17A95AE52ECD}.AppStore|iPhone.Build.0 = Debug|Any CPU
		{4C54C824-4846-4AFE-90BD-17A95AE52ECD}.AppStore|iPhoneSimulator.ActiveCfg = Debug|Any CPU
		{4C54C824-4846-4AFE-90BD-17A95AE52ECD}.AppStore|iPhoneSimulator.Build.0 = Debug|Any CPU
		{4C54C824-4846-4AFE-90BD-17A95AE52ECD}.Debug|Any CPU.ActiveCfg = Debug|Any CPU
		{4C54C824-4846-4AFE-90BD-17A95AE52ECD}.Debug|Any CPU.Build.0 = Debug|Any CPU
		{4C54C824-4846-4AFE-90BD-17A95AE52ECD}.Debug|iPhone.ActiveCfg = Debug|Any CPU
		{4C54C824-4846-4AFE-90BD-17A95AE52ECD}.Debug|iPhone.Build.0 = Debug|Any CPU
		{4C54C824-4846-4AFE-90BD-17A95AE52ECD}.Debug|iPhoneSimulator.ActiveCfg = Debug|Any CPU
		{4C54C824-4846-4AFE-90BD-17A95AE52ECD}.Debug|iPhoneSimulator.Build.0 = Debug|Any CPU
		{4C54C824-4846-4AFE-90BD-17A95AE52ECD}.Release|Any CPU.ActiveCfg = Release|Any CPU
		{4C54C824-4846-4AFE-90BD-17A95AE52ECD}.Release|Any CPU.Build.0 = Release|Any CPU
		{4C54C824-4846-4AFE-90BD-17A95AE52ECD}.Release|iPhone.ActiveCfg = Release|Any CPU
		{4C54C824-4846-4AFE-90BD-17A95AE52ECD}.Release|iPhone.Build.0 = Release|Any CPU
		{4C54C824-4846-4AFE-90BD-17A95AE52ECD}.Release|iPhoneSimulator.ActiveCfg = Release|Any CPU
		{4C54C824-4846-4AFE-90BD-17A95AE52ECD}.Release|iPhoneSimulator.Build.0 = Release|Any CPU
		{366EC906-985D-49FD-A22D-0EE1AAF1A03E}.Ad-Hoc|Any CPU.ActiveCfg = Release|Any CPU
		{366EC906-985D-49FD-A22D-0EE1AAF1A03E}.Ad-Hoc|Any CPU.Build.0 = Release|Any CPU
		{366EC906-985D-49FD-A22D-0EE1AAF1A03E}.Ad-Hoc|Any CPU.Deploy.0 = Release|Any CPU
		{366EC906-985D-49FD-A22D-0EE1AAF1A03E}.Ad-Hoc|iPhone.ActiveCfg = Release|Any CPU
		{366EC906-985D-49FD-A22D-0EE1AAF1A03E}.Ad-Hoc|iPhone.Build.0 = Release|Any CPU
		{366EC906-985D-49FD-A22D-0EE1AAF1A03E}.Ad-Hoc|iPhone.Deploy.0 = Release|Any CPU
		{366EC906-985D-49FD-A22D-0EE1AAF1A03E}.Ad-Hoc|iPhoneSimulator.ActiveCfg = Release|Any CPU
		{366EC906-985D-49FD-A22D-0EE1AAF1A03E}.Ad-Hoc|iPhoneSimulator.Build.0 = Release|Any CPU
		{366EC906-985D-49FD-A22D-0EE1AAF1A03E}.Ad-Hoc|iPhoneSimulator.Deploy.0 = Release|Any CPU
		{366EC906-985D-49FD-A22D-0EE1AAF1A03E}.AppStore|Any CPU.ActiveCfg = Release|Any CPU
		{366EC906-985D-49FD-A22D-0EE1AAF1A03E}.AppStore|Any CPU.Build.0 = Release|Any CPU
		{366EC906-985D-49FD-A22D-0EE1AAF1A03E}.AppStore|Any CPU.Deploy.0 = Release|Any CPU
		{366EC906-985D-49FD-A22D-0EE1AAF1A03E}.AppStore|iPhone.ActiveCfg = Release|Any CPU
		{366EC906-985D-49FD-A22D-0EE1AAF1A03E}.AppStore|iPhone.Build.0 = Release|Any CPU
		{366EC906-985D-49FD-A22D-0EE1AAF1A03E}.AppStore|iPhone.Deploy.0 = Release|Any CPU
		{366EC906-985D-49FD-A22D-0EE1AAF1A03E}.AppStore|iPhoneSimulator.ActiveCfg = Release|Any CPU
		{366EC906-985D-49FD-A22D-0EE1AAF1A03E}.AppStore|iPhoneSimulator.Build.0 = Release|Any CPU
		{366EC906-985D-49FD-A22D-0EE1AAF1A03E}.AppStore|iPhoneSimulator.Deploy.0 = Release|Any CPU
		{366EC906-985D-49FD-A22D-0EE1AAF1A03E}.Debug|Any CPU.ActiveCfg = Debug|Any CPU
		{366EC906-985D-49FD-A22D-0EE1AAF1A03E}.Debug|Any CPU.Build.0 = Debug|Any CPU
		{366EC906-985D-49FD-A22D-0EE1AAF1A03E}.Debug|Any CPU.Deploy.0 = Debug|Any CPU
		{366EC906-985D-49FD-A22D-0EE1AAF1A03E}.Debug|iPhone.ActiveCfg = Debug|Any CPU
		{366EC906-985D-49FD-A22D-0EE1AAF1A03E}.Debug|iPhone.Build.0 = Debug|Any CPU
		{366EC906-985D-49FD-A22D-0EE1AAF1A03E}.Debug|iPhone.Deploy.0 = Debug|Any CPU
		{366EC906-985D-49FD-A22D-0EE1AAF1A03E}.Debug|iPhoneSimulator.ActiveCfg = Debug|Any CPU
		{366EC906-985D-49FD-A22D-0EE1AAF1A03E}.Debug|iPhoneSimulator.Build.0 = Debug|Any CPU
		{366EC906-985D-49FD-A22D-0EE1AAF1A03E}.Debug|iPhoneSimulator.Deploy.0 = Debug|Any CPU
		{366EC906-985D-49FD-A22D-0EE1AAF1A03E}.Release|Any CPU.ActiveCfg = Release|Any CPU
		{366EC906-985D-49FD-A22D-0EE1AAF1A03E}.Release|Any CPU.Build.0 = Release|Any CPU
		{366EC906-985D-49FD-A22D-0EE1AAF1A03E}.Release|Any CPU.Deploy.0 = Release|Any CPU
		{366EC906-985D-49FD-A22D-0EE1AAF1A03E}.Release|iPhone.ActiveCfg = Release|Any CPU
		{366EC906-985D-49FD-A22D-0EE1AAF1A03E}.Release|iPhone.Build.0 = Release|Any CPU
		{366EC906-985D-49FD-A22D-0EE1AAF1A03E}.Release|iPhone.Deploy.0 = Release|Any CPU
		{366EC906-985D-49FD-A22D-0EE1AAF1A03E}.Release|iPhoneSimulator.ActiveCfg = Release|Any CPU
		{366EC906-985D-49FD-A22D-0EE1AAF1A03E}.Release|iPhoneSimulator.Build.0 = Release|Any CPU
		{366EC906-985D-49FD-A22D-0EE1AAF1A03E}.Release|iPhoneSimulator.Deploy.0 = Release|Any CPU
		{A28A66D5-70E2-416F-B71A-CEBD4E4E211D}.Ad-Hoc|Any CPU.ActiveCfg = Ad-Hoc|iPhone
		{A28A66D5-70E2-416F-B71A-CEBD4E4E211D}.Ad-Hoc|iPhone.ActiveCfg = Ad-Hoc|iPhone
		{A28A66D5-70E2-416F-B71A-CEBD4E4E211D}.Ad-Hoc|iPhone.Build.0 = Ad-Hoc|iPhone
		{A28A66D5-70E2-416F-B71A-CEBD4E4E211D}.Ad-Hoc|iPhoneSimulator.ActiveCfg = Ad-Hoc|iPhoneSimulator
		{A28A66D5-70E2-416F-B71A-CEBD4E4E211D}.Ad-Hoc|iPhoneSimulator.Build.0 = Ad-Hoc|iPhoneSimulator
		{A28A66D5-70E2-416F-B71A-CEBD4E4E211D}.AppStore|Any CPU.ActiveCfg = AppStore|iPhone
		{A28A66D5-70E2-416F-B71A-CEBD4E4E211D}.AppStore|iPhone.ActiveCfg = AppStore|iPhone
		{A28A66D5-70E2-416F-B71A-CEBD4E4E211D}.AppStore|iPhone.Build.0 = AppStore|iPhone
		{A28A66D5-70E2-416F-B71A-CEBD4E4E211D}.AppStore|iPhoneSimulator.ActiveCfg = AppStore|iPhoneSimulator
		{A28A66D5-70E2-416F-B71A-CEBD4E4E211D}.AppStore|iPhoneSimulator.Build.0 = AppStore|iPhoneSimulator
		{A28A66D5-70E2-416F-B71A-CEBD4E4E211D}.Debug|Any CPU.ActiveCfg = Debug|iPhone
		{A28A66D5-70E2-416F-B71A-CEBD4E4E211D}.Debug|iPhone.ActiveCfg = Debug|iPhone
		{A28A66D5-70E2-416F-B71A-CEBD4E4E211D}.Debug|iPhone.Build.0 = Debug|iPhone
		{A28A66D5-70E2-416F-B71A-CEBD4E4E211D}.Debug|iPhoneSimulator.ActiveCfg = Debug|iPhoneSimulator
		{A28A66D5-70E2-416F-B71A-CEBD4E4E211D}.Debug|iPhoneSimulator.Build.0 = Debug|iPhoneSimulator
		{A28A66D5-70E2-416F-B71A-CEBD4E4E211D}.Release|Any CPU.ActiveCfg = Release|iPhone
		{A28A66D5-70E2-416F-B71A-CEBD4E4E211D}.Release|iPhone.ActiveCfg = Release|iPhone
		{A28A66D5-70E2-416F-B71A-CEBD4E4E211D}.Release|iPhone.Build.0 = Release|iPhone
		{A28A66D5-70E2-416F-B71A-CEBD4E4E211D}.Release|iPhoneSimulator.ActiveCfg = Release|iPhoneSimulator
		{A28A66D5-70E2-416F-B71A-CEBD4E4E211D}.Release|iPhoneSimulator.Build.0 = Release|iPhoneSimulator
		{9C0DB831-44DF-4B21-A32B-F14308F48750}.Ad-Hoc|Any CPU.ActiveCfg = Release|Any CPU
		{9C0DB831-44DF-4B21-A32B-F14308F48750}.Ad-Hoc|Any CPU.Build.0 = Release|Any CPU
		{9C0DB831-44DF-4B21-A32B-F14308F48750}.Ad-Hoc|Any CPU.Deploy.0 = Release|Any CPU
		{9C0DB831-44DF-4B21-A32B-F14308F48750}.Ad-Hoc|iPhone.ActiveCfg = Release|Any CPU
		{9C0DB831-44DF-4B21-A32B-F14308F48750}.Ad-Hoc|iPhone.Build.0 = Release|Any CPU
		{9C0DB831-44DF-4B21-A32B-F14308F48750}.Ad-Hoc|iPhone.Deploy.0 = Release|Any CPU
		{9C0DB831-44DF-4B21-A32B-F14308F48750}.Ad-Hoc|iPhoneSimulator.ActiveCfg = Release|Any CPU
		{9C0DB831-44DF-4B21-A32B-F14308F48750}.Ad-Hoc|iPhoneSimulator.Build.0 = Release|Any CPU
		{9C0DB831-44DF-4B21-A32B-F14308F48750}.Ad-Hoc|iPhoneSimulator.Deploy.0 = Release|Any CPU
		{9C0DB831-44DF-4B21-A32B-F14308F48750}.AppStore|Any CPU.ActiveCfg = Release|Any CPU
		{9C0DB831-44DF-4B21-A32B-F14308F48750}.AppStore|Any CPU.Build.0 = Release|Any CPU
		{9C0DB831-44DF-4B21-A32B-F14308F48750}.AppStore|Any CPU.Deploy.0 = Release|Any CPU
		{9C0DB831-44DF-4B21-A32B-F14308F48750}.AppStore|iPhone.ActiveCfg = Release|Any CPU
		{9C0DB831-44DF-4B21-A32B-F14308F48750}.AppStore|iPhone.Build.0 = Release|Any CPU
		{9C0DB831-44DF-4B21-A32B-F14308F48750}.AppStore|iPhone.Deploy.0 = Release|Any CPU
		{9C0DB831-44DF-4B21-A32B-F14308F48750}.AppStore|iPhoneSimulator.ActiveCfg = Release|Any CPU
		{9C0DB831-44DF-4B21-A32B-F14308F48750}.AppStore|iPhoneSimulator.Build.0 = Release|Any CPU
		{9C0DB831-44DF-4B21-A32B-F14308F48750}.AppStore|iPhoneSimulator.Deploy.0 = Release|Any CPU
		{9C0DB831-44DF-4B21-A32B-F14308F48750}.Debug|Any CPU.ActiveCfg = Debug|Any CPU
		{9C0DB831-44DF-4B21-A32B-F14308F48750}.Debug|Any CPU.Build.0 = Debug|Any CPU
		{9C0DB831-44DF-4B21-A32B-F14308F48750}.Debug|Any CPU.Deploy.0 = Debug|Any CPU
		{9C0DB831-44DF-4B21-A32B-F14308F48750}.Debug|iPhone.ActiveCfg = Debug|Any CPU
		{9C0DB831-44DF-4B21-A32B-F14308F48750}.Debug|iPhone.Build.0 = Debug|Any CPU
		{9C0DB831-44DF-4B21-A32B-F14308F48750}.Debug|iPhone.Deploy.0 = Debug|Any CPU
		{9C0DB831-44DF-4B21-A32B-F14308F48750}.Debug|iPhoneSimulator.ActiveCfg = Debug|Any CPU
		{9C0DB831-44DF-4B21-A32B-F14308F48750}.Debug|iPhoneSimulator.Build.0 = Debug|Any CPU
		{9C0DB831-44DF-4B21-A32B-F14308F48750}.Debug|iPhoneSimulator.Deploy.0 = Debug|Any CPU
		{9C0DB831-44DF-4B21-A32B-F14308F48750}.Release|Any CPU.ActiveCfg = Release|Any CPU
		{9C0DB831-44DF-4B21-A32B-F14308F48750}.Release|Any CPU.Build.0 = Release|Any CPU
		{9C0DB831-44DF-4B21-A32B-F14308F48750}.Release|Any CPU.Deploy.0 = Release|Any CPU
		{9C0DB831-44DF-4B21-A32B-F14308F48750}.Release|iPhone.ActiveCfg = Release|Any CPU
		{9C0DB831-44DF-4B21-A32B-F14308F48750}.Release|iPhone.Build.0 = Release|Any CPU
		{9C0DB831-44DF-4B21-A32B-F14308F48750}.Release|iPhone.Deploy.0 = Release|Any CPU
		{9C0DB831-44DF-4B21-A32B-F14308F48750}.Release|iPhoneSimulator.ActiveCfg = Release|Any CPU
		{9C0DB831-44DF-4B21-A32B-F14308F48750}.Release|iPhoneSimulator.Build.0 = Release|Any CPU
		{9C0DB831-44DF-4B21-A32B-F14308F48750}.Release|iPhoneSimulator.Deploy.0 = Release|Any CPU
		{5A01F12F-6C32-48A3-B1CE-FED787E39DDE}.Ad-Hoc|Any CPU.ActiveCfg = Release|iPhone
		{5A01F12F-6C32-48A3-B1CE-FED787E39DDE}.Ad-Hoc|Any CPU.Build.0 = Release|iPhone
		{5A01F12F-6C32-48A3-B1CE-FED787E39DDE}.Ad-Hoc|iPhone.ActiveCfg = Release|iPhone
		{5A01F12F-6C32-48A3-B1CE-FED787E39DDE}.Ad-Hoc|iPhone.Build.0 = Release|iPhone
		{5A01F12F-6C32-48A3-B1CE-FED787E39DDE}.Ad-Hoc|iPhoneSimulator.ActiveCfg = Release|iPhoneSimulator
		{5A01F12F-6C32-48A3-B1CE-FED787E39DDE}.Ad-Hoc|iPhoneSimulator.Build.0 = Release|iPhoneSimulator
		{5A01F12F-6C32-48A3-B1CE-FED787E39DDE}.AppStore|Any CPU.ActiveCfg = Release|iPhone
		{5A01F12F-6C32-48A3-B1CE-FED787E39DDE}.AppStore|Any CPU.Build.0 = Release|iPhone
		{5A01F12F-6C32-48A3-B1CE-FED787E39DDE}.AppStore|iPhone.ActiveCfg = Release|iPhone
		{5A01F12F-6C32-48A3-B1CE-FED787E39DDE}.AppStore|iPhone.Build.0 = Release|iPhone
		{5A01F12F-6C32-48A3-B1CE-FED787E39DDE}.AppStore|iPhoneSimulator.ActiveCfg = Release|iPhoneSimulator
		{5A01F12F-6C32-48A3-B1CE-FED787E39DDE}.AppStore|iPhoneSimulator.Build.0 = Release|iPhoneSimulator
		{5A01F12F-6C32-48A3-B1CE-FED787E39DDE}.Debug|Any CPU.ActiveCfg = Debug|iPhone
		{5A01F12F-6C32-48A3-B1CE-FED787E39DDE}.Debug|iPhone.ActiveCfg = Debug|iPhone
		{5A01F12F-6C32-48A3-B1CE-FED787E39DDE}.Debug|iPhone.Build.0 = Debug|iPhone
		{5A01F12F-6C32-48A3-B1CE-FED787E39DDE}.Debug|iPhoneSimulator.ActiveCfg = Debug|iPhoneSimulator
		{5A01F12F-6C32-48A3-B1CE-FED787E39DDE}.Debug|iPhoneSimulator.Build.0 = Debug|iPhoneSimulator
		{5A01F12F-6C32-48A3-B1CE-FED787E39DDE}.Release|Any CPU.ActiveCfg = Release|iPhone
		{5A01F12F-6C32-48A3-B1CE-FED787E39DDE}.Release|iPhone.ActiveCfg = Release|iPhone
		{5A01F12F-6C32-48A3-B1CE-FED787E39DDE}.Release|iPhone.Build.0 = Release|iPhone
		{5A01F12F-6C32-48A3-B1CE-FED787E39DDE}.Release|iPhoneSimulator.ActiveCfg = Release|iPhoneSimulator
		{5A01F12F-6C32-48A3-B1CE-FED787E39DDE}.Release|iPhoneSimulator.Build.0 = Release|iPhoneSimulator
	EndGlobalSection
	GlobalSection(SolutionProperties) = preSolution
		HideSolutionNode = FALSE
	EndGlobalSection
	GlobalSection(ExtensibilityGlobals) = postSolution
		SolutionGuid = {5B9BE0BC-048A-441C-9950-6918B99C24D6}
	EndGlobalSection
EndGlobal
